apiVersion: vendir.k14s.io/v1alpha1
directories:
- contents:
  - git:
      commitTitle: 'chore: release version v0.5.0'
      sha: 5f83de35b4ee8d379e14a4938d2ccc8b75928f16
      tags:
      - v0.5.0
    path: rollout-controller
  - git:
      commitTitle: '[release-1.4] chore(1.4.1): CHANGELOG and version updates (#4318)...'
      sha: 477d172e6ac5eccb82b65781ddb8f924afec4170
      tags:
      - v1.4.1
    path: gateway-api
  path: vendir/crds
kind: LockConfig
