apiVersion: vendir.k14s.io/v1alpha1
directories:
- contents:
  - git:
      commitTitle: 'chore: Remove redundant DeployTime field from history entries
        (#30)...'
      sha: c000b20125f47795a6feda6bbd6a28c0172514ba
      tags:
      - v0.4.0-7-gc000b20
    path: rollout-controller
  path: vendir/crds
kind: LockConfig
